
Microsoft Visual Studio Solution File, Format Version 12.00
# Visual Studio Version 16
VisualStudioVersion = 16.0.30104.148
MinimumVisualStudioVersion = 10.0.40219.1
Project("{FAE04EC0-301F-11D3-BF4B-00C04F79EFBC}") = "Cluster", "Cluster\Cluster.csproj", "{4C8573D9-2F07-451F-B3D6-B4DC3B189250}"
EndProject
Global
	GlobalSection(SolutionConfigurationPlatforms) = preSolution
		Debug|Any CPU = Debug|Any CPU
		Release|Any CPU = Release|Any CPU
	EndGlobalSection
	GlobalSection(ProjectConfigurationPlatforms) = postSolution
		{4C8573D9-2F07-451F-B3D6-B4DC3B189250}.Debug|Any CPU.ActiveCfg = Debug|Any CPU
		{4C8573D9-2F07-451F-B3D6-B4DC3B189250}.Debug|Any CPU.Build.0 = Debug|Any CPU
		{4C8573D9-2F07-451F-B3D6-B4DC3B189250}.Release|Any CPU.ActiveCfg = Release|Any CPU
		{4C8573D9-2F07-451F-B3D6-B4DC3B189250}.Release|Any CPU.Build.0 = Release|Any CPU
	EndGlobalSection
	GlobalSection(SolutionProperties) = preSolution
		HideSolutionNode = FALSE
	EndGlobalSection
	GlobalSection(ExtensibilityGlobals) = postSolution
		SolutionGuid = {05B33F63-6788-4B4C-92B0-69DD4977A0DD}
	EndGlobalSection
EndGlobal
